{
  "lockVersion": 1,
  "installed": {
    "kdco/background-agents": {
      "registry": "kdco",
      "version": "1.0.0",
      "hash": "1f07304003bfe14c703c92c83697f290d1947a78b3b44f9057a1e7365abf2efc",
      "files": [
        ".opencode/plugin/background-agents.ts"
      ],
      "installedAt": "2026-01-03T00:25:48.884Z"
    },
    "kdco/workspace-plugin": {
      "registry": "kdco",
      "version": "1.0.0",
      "hash": "68bc46a47095b6e6f94b70f58df390c8299c4372ceb75b5074e92f4c99a8e12c",
      "files": [
        ".opencode/plugin/workspace-plugin.ts"
      ],
      "installedAt": "2026-01-03T00:25:48.885Z"
    },
    "kdco/plan-protocol": {
      "registry": "kdco",
      "version": "1.0.0",
      "hash": "f300dfb2f7b67c76cbe42cc6218f0c6711fd1309906a6c2517abeb449b7b30c1",
      "files": [
        ".opencode/skill/plan-protocol/SKILL.md"
      ],
      "installedAt": "2026-01-03T00:25:48.886Z"
    },
    "kdco/librarian": {
      "registry": "kdco",
      "version": "1.0.0",
      "hash": "d41fe3e1d62473f61d91fa1c6dda85c0d6a3e90f1be50ebe1c7eba22acdb8f41",
      "files": [
        ".opencode/agent/librarian.md"
      ],
      "installedAt": "2026-01-03T00:25:48.886Z"
    },
    "kdco/writer": {
      "registry": "kdco",
      "version": "1.0.0",
      "hash": "550ef872a2fb7bc08fee0b0b369463dade59baa16b85290b65212d7ccd841991",
      "files": [
        ".opencode/agent/writer.md"
      ],
      "installedAt": "2026-01-03T00:25:48.887Z"
    },
    "kdco/notify": {
      "registry": "kdco",
      "version": "1.0.0",
      "hash": "b852a3a1759e6595f80fbb9e94a3582f658d1f9872612f111485e74bfddf9239",
      "files": [
        ".opencode/plugin/notify.ts"
      ],
      "installedAt": "2026-01-03T00:25:48.887Z"
    },
    "kdco/workspace": {
      "registry": "kdco",
      "version": "1.0.0",
      "hash": "e3b0c44298fc1c149afbf4c8996fb92427ae41e4649b934ca495991b7852b855",
      "files": [],
      "installedAt": "2026-01-03T00:25:48.888Z"
    }
  }
}